
Microsoft Visual Studio Solution File, Format Version 12.00
# Visual Studio Version 17
VisualStudioVersion = 17.5.002.0
MinimumVisualStudioVersion = 10.0.40219.1
Project("{9A19103F-16F7-4668-BE54-9A1E7A4F7556}") = "BSOSApi", "BSOSApi.csproj", "{61465903-3308-44A4-8A6D-E48ACDD5E6F0}"
EndProject
Global
	GlobalSection(SolutionConfigurationPlatforms) = preSolution
		Debug|Any CPU = Debug|Any CPU
		Release|Any CPU = Release|Any CPU
	EndGlobalSection
	GlobalSection(ProjectConfigurationPlatforms) = postSolution
		{61465903-3308-44A4-8A6D-E48ACDD5E6F0}.Debug|Any CPU.ActiveCfg = Debug|Any CPU
		{61465903-3308-44A4-8A6D-E48ACDD5E6F0}.Debug|Any CPU.Build.0 = Debug|Any CPU
		{61465903-3308-44A4-8A6D-E48ACDD5E6F0}.Release|Any CPU.ActiveCfg = Release|Any CPU
		{61465903-3308-44A4-8A6D-E48ACDD5E6F0}.Release|Any CPU.Build.0 = Release|Any CPU
	EndGlobalSection
	GlobalSection(SolutionProperties) = preSolution
		HideSolutionNode = FALSE
	EndGlobalSection
	GlobalSection(ExtensibilityGlobals) = postSolution
		SolutionGuid = {75B16D72-7E8B-4CCA-A54E-F40DAE9CE369}
	EndGlobalSection
EndGlobal
